
Microsoft Visual Studio Solution File, Format Version 12.00
Project("{FAE04EC0-301F-11D3-BF4B-00C04F79EFBC}") = "Split", "src\Split\Split.csproj", "{28AF665A-D2BC-4994-9386-5B99AB7430E0}"
EndProject
Project("{FAE04EC0-301F-11D3-BF4B-00C04F79EFBC}") = "Split.Repository", "src\Split.Repository\Split.Repository.csproj", "{D7A2A1EB-F2BE-40DA-8C48-13874A659524}"
EndProject
Project("{FAE04EC0-301F-11D3-BF4B-00C04F79EFBC}") = "Split.Model", "src\Split.Model\Split.Model.csproj", "{D6C5E0BA-9925-464A-8FB2-0491A35258C2}"
EndProject
Project("{FAE04EC0-301F-11D3-BF4B-00C04F79EFBC}") = "Split.Domain", "src\Split.Domain\Split.Domain.csproj", "{518D1C6D-4C05-4A02-85F7-2644A9DE1720}"
EndProject
Project("{FAE04EC0-301F-11D3-BF4B-00C04F79EFBC}") = "Split.DummyRepository", "src\Split.DummyRepository\Split.DummyRepository.csproj", "{71339B8A-E4F7-4633-BC02-15F281BE3808}"
EndProject
Project("{FAE04EC0-301F-11D3-BF4B-00C04F79EFBC}") = "Split.DependencyInjection", "src\Split.DependencyInjection\Split.DependencyInjection.csproj", "{BEB3CFF3-95A0-4CD0-A625-FACF6C33C11F}"
EndProject
Project("{FAE04EC0-301F-11D3-BF4B-00C04F79EFBC}") = "Split.Web", "src\Split.Web\Split.Web.csproj", "{5981EFC8-4814-4232-9F46-B29148B7C2C5}"
EndProject
Global
	GlobalSection(SolutionConfigurationPlatforms) = preSolution
		Debug|Any CPU = Debug|Any CPU
		Release|Any CPU = Release|Any CPU
	EndGlobalSection
	GlobalSection(ProjectConfigurationPlatforms) = postSolution
		{28AF665A-D2BC-4994-9386-5B99AB7430E0}.Debug|Any CPU.ActiveCfg = Debug|Any CPU
		{28AF665A-D2BC-4994-9386-5B99AB7430E0}.Debug|Any CPU.Build.0 = Debug|Any CPU
		{28AF665A-D2BC-4994-9386-5B99AB7430E0}.Release|Any CPU.ActiveCfg = Release|Any CPU
		{28AF665A-D2BC-4994-9386-5B99AB7430E0}.Release|Any CPU.Build.0 = Release|Any CPU
		{D7A2A1EB-F2BE-40DA-8C48-13874A659524}.Debug|Any CPU.ActiveCfg = Debug|Any CPU
		{D7A2A1EB-F2BE-40DA-8C48-13874A659524}.Debug|Any CPU.Build.0 = Debug|Any CPU
		{D7A2A1EB-F2BE-40DA-8C48-13874A659524}.Release|Any CPU.ActiveCfg = Release|Any CPU
		{D7A2A1EB-F2BE-40DA-8C48-13874A659524}.Release|Any CPU.Build.0 = Release|Any CPU
		{D6C5E0BA-9925-464A-8FB2-0491A35258C2}.Debug|Any CPU.ActiveCfg = Debug|Any CPU
		{D6C5E0BA-9925-464A-8FB2-0491A35258C2}.Debug|Any CPU.Build.0 = Debug|Any CPU
		{D6C5E0BA-9925-464A-8FB2-0491A35258C2}.Release|Any CPU.ActiveCfg = Release|Any CPU
		{D6C5E0BA-9925-464A-8FB2-0491A35258C2}.Release|Any CPU.Build.0 = Release|Any CPU
		{518D1C6D-4C05-4A02-85F7-2644A9DE1720}.Debug|Any CPU.ActiveCfg = Debug|Any CPU
		{518D1C6D-4C05-4A02-85F7-2644A9DE1720}.Debug|Any CPU.Build.0 = Debug|Any CPU
		{518D1C6D-4C05-4A02-85F7-2644A9DE1720}.Release|Any CPU.ActiveCfg = Release|Any CPU
		{518D1C6D-4C05-4A02-85F7-2644A9DE1720}.Release|Any CPU.Build.0 = Release|Any CPU
		{71339B8A-E4F7-4633-BC02-15F281BE3808}.Debug|Any CPU.ActiveCfg = Debug|Any CPU
		{71339B8A-E4F7-4633-BC02-15F281BE3808}.Debug|Any CPU.Build.0 = Debug|Any CPU
		{71339B8A-E4F7-4633-BC02-15F281BE3808}.Release|Any CPU.ActiveCfg = Release|Any CPU
		{71339B8A-E4F7-4633-BC02-15F281BE3808}.Release|Any CPU.Build.0 = Release|Any CPU
		{BEB3CFF3-95A0-4CD0-A625-FACF6C33C11F}.Debug|Any CPU.ActiveCfg = Debug|Any CPU
		{BEB3CFF3-95A0-4CD0-A625-FACF6C33C11F}.Debug|Any CPU.Build.0 = Debug|Any CPU
		{BEB3CFF3-95A0-4CD0-A625-FACF6C33C11F}.Release|Any CPU.ActiveCfg = Release|Any CPU
		{BEB3CFF3-95A0-4CD0-A625-FACF6C33C11F}.Release|Any CPU.Build.0 = Release|Any CPU
		{5981EFC8-4814-4232-9F46-B29148B7C2C5}.Debug|Any CPU.ActiveCfg = Debug|Any CPU
		{5981EFC8-4814-4232-9F46-B29148B7C2C5}.Debug|Any CPU.Build.0 = Debug|Any CPU
		{5981EFC8-4814-4232-9F46-B29148B7C2C5}.Release|Any CPU.ActiveCfg = Release|Any CPU
		{5981EFC8-4814-4232-9F46-B29148B7C2C5}.Release|Any CPU.Build.0 = Release|Any CPU
	EndGlobalSection
EndGlobal
